// !$*UTF8*$!
{
	archiveVersion = 1;
	classes = {
	};
	objectVersion = 55;
	objects = {

/* Begin PBXBuildFile section */
		294AAF60272FBA660094769D /* NotoSansThai-SemiBold.ttf in Resources */ = {isa = PBXBuildFile; fileRef = 294AAF57272FBA660094769D /* NotoSansThai-SemiBold.ttf */; };
		294AAF61272FBA660094769D /* NotoSansThai-Regular.ttf in Resources */ = {isa = PBXBuildFile; fileRef = 294AAF58272FBA660094769D /* NotoSansThai-Regular.ttf */; };
		294AAF62272FBA660094769D /* NotoSansThai-ExtraLight.ttf in Resources */ = {isa = PBXBuildFile; fileRef = 294AAF59272FBA660094769D /* NotoSansThai-ExtraLight.ttf */; };
		294AAF63272FBA660094769D /* NotoSansThai-ExtraBold.ttf in Resources */ = {isa = PBXBuildFile; fileRef = 294AAF5A272FBA660094769D /* NotoSansThai-ExtraBold.ttf */; };
		294AAF64272FBA660094769D /* NotoSansThai-Medium.ttf in Resources */ = {isa = PBXBuildFile; fileRef = 294AAF5B272FBA660094769D /* NotoSansThai-Medium.ttf */; };
		294AAF65272FBA660094769D /* NotoSansThai-Bold.ttf in Resources */ = {isa = PBXBuildFile; fileRef = 294AAF5C272FBA660094769D /* NotoSansThai-Bold.ttf */; };
		294AAF66272FBA660094769D /* NotoSansThai-Light.ttf in Resources */ = {isa = PBXBuildFile; fileRef = 294AAF5D272FBA660094769D /* NotoSansThai-Light.ttf */; };
		294AAF67272FBA660094769D /* NotoSansThai-Thin.ttf in Resources */ = {isa = PBXBuildFile; fileRef = 294AAF5E272FBA660094769D /* NotoSansThai-Thin.ttf */; };
		294AAF68272FBA660094769D /* NotoSansThai-Black.ttf in Resources */ = {isa = PBXBuildFile; fileRef = 294AAF5F272FBA660094769D /* NotoSansThai-Black.ttf */; };
		2977E6802731AC9E000DF66F /* FristPrizeTableViewCell.swift in Sources */ = {isa = PBXBuildFile; fileRef = 2977E67E2731AC9E000DF66F /* FristPrizeTableViewCell.swift */; };
		2977E6812731AC9E000DF66F /* FristPrizeTableViewCell.xib in Resources */ = {isa = PBXBuildFile; fileRef = 2977E67F2731AC9E000DF66F /* FristPrizeTableViewCell.xib */; };
		2977E6842731BB7B000DF66F /* RewardsLsitTableViewCell.swift in Sources */ = {isa = PBXBuildFile; fileRef = 2977E6822731BB7B000DF66F /* RewardsLsitTableViewCell.swift */; };
		2977E6852731BB7B000DF66F /* RewardsLsitTableViewCell.xib in Resources */ = {isa = PBXBuildFile; fileRef = 2977E6832731BB7B000DF66F /* RewardsLsitTableViewCell.xib */; };
		2977E6882731BD08000DF66F /* NumberCollectionViewCell.swift in Sources */ = {isa = PBXBuildFile; fileRef = 2977E6862731BD08000DF66F /* NumberCollectionViewCell.swift */; };
		2977E6892731BD08000DF66F /* NumberCollectionViewCell.xib in Resources */ = {isa = PBXBuildFile; fileRef = 2977E6872731BD08000DF66F /* NumberCollectionViewCell.xib */; };
		2977E68B2731C7EB000DF66F /* RowsModel.swift in Sources */ = {isa = PBXBuildFile; fileRef = 2977E68A2731C7EB000DF66F /* RowsModel.swift */; };
		29A1FDDD272E73D400C24FD1 /* AppDelegate.swift in Sources */ = {isa = PBXBuildFile; fileRef = 29A1FDDC272E73D400C24FD1 /* AppDelegate.swift */; };
		29A1FDE1272E73D400C24FD1 /* ViewController.swift in Sources */ = {isa = PBXBuildFile; fileRef = 29A1FDE0272E73D400C24FD1 /* ViewController.swift */; };
		29A1FDE4272E73D400C24FD1 /* Main.storyboard in Resources */ = {isa = PBXBuildFile; fileRef = 29A1FDE2272E73D400C24FD1 /* Main.storyboard */; };
		29A1FDE6272E73D600C24FD1 /* Assets.xcassets in Resources */ = {isa = PBXBuildFile; fileRef = 29A1FDE5272E73D600C24FD1 /* Assets.xcassets */; };
		29A1FDE9272E73D600C24FD1 /* LaunchScreen.storyboard in Resources */ = {isa = PBXBuildFile; fileRef = 29A1FDE7272E73D600C24FD1 /* LaunchScreen.storyboard */; };
		29A1FDF1272E742100C24FD1 /* GoogleService-Info.plist in Resources */ = {isa = PBXBuildFile; fileRef = 29A1FDF0272E742100C24FD1 /* GoogleService-Info.plist */; };
		29A1FDF3272E771100C24FD1 /* RemoteManager.swift in Sources */ = {isa = PBXBuildFile; fileRef = 29A1FDF2272E771100C24FD1 /* RemoteManager.swift */; };
		29A1FDF5272E848F00C24FD1 /* WebViewController.swift in Sources */ = {isa = PBXBuildFile; fileRef = 29A1FDF4272E848F00C24FD1 /* WebViewController.swift */; };
		29A1FDF7272EA6E200C24FD1 /* BrowserViewController.swift in Sources */ = {isa = PBXBuildFile; fileRef = 29A1FDF6272EA6E200C24FD1 /* BrowserViewController.swift */; };
		29C0B9F8273118340070C523 /* Theme.xcassets in Resources */ = {isa = PBXBuildFile; fileRef = 29C0B9F7273118340070C523 /* Theme.xcassets */; };
		29C0B9FA27311D4E0070C523 /* ViewController+TableExtension.swift in Sources */ = {isa = PBXBuildFile; fileRef = 29C0B9F927311D4E0070C523 /* ViewController+TableExtension.swift */; };
		29C0B9FE2731508E0070C523 /* AllDates.swift in Sources */ = {isa = PBXBuildFile; fileRef = 29C0B9FC2731508D0070C523 /* AllDates.swift */; };
		29C0B9FF2731508E0070C523 /* AllDateResponse.swift in Sources */ = {isa = PBXBuildFile; fileRef = 29C0B9FD2731508E0070C523 /* AllDateResponse.swift */; };
		29C0BA0327315BB40070C523 /* LatestDateResultList.swift in Sources */ = {isa = PBXBuildFile; fileRef = 29C0BA0127315BB30070C523 /* LatestDateResultList.swift */; };
		29C0BA0427315BB40070C523 /* LatestDateResponse.swift in Sources */ = {isa = PBXBuildFile; fileRef = 29C0BA0227315BB40070C523 /* LatestDateResponse.swift */; };
		29C0BA0727316A200070C523 /* VerifyResponse.swift in Sources */ = {isa = PBXBuildFile; fileRef = 29C0BA0527316A200070C523 /* VerifyResponse.swift */; };
		29C0BA0827316A200070C523 /* Result.swift in Sources */ = {isa = PBXBuildFile; fileRef = 29C0BA0627316A200070C523 /* Result.swift */; };
		29C0BA0B273171100070C523 /* ToastMessage.swift in Sources */ = {isa = PBXBuildFile; fileRef = 29C0BA0A273171100070C523 /* ToastMessage.swift */; };
		29C9A08527302012007D085E /* RewardChekcTableViewCell.swift in Sources */ = {isa = PBXBuildFile; fileRef = 29C9A08327302012007D085E /* RewardChekcTableViewCell.swift */; };
		29C9A08627302012007D085E /* RewardChekcTableViewCell.xib in Resources */ = {isa = PBXBuildFile; fileRef = 29C9A08427302012007D085E /* RewardChekcTableViewCell.xib */; };
		C48DCD8147607BA5AEE47A9E /* Pods_LOTTO.framework in Frameworks */ = {isa = PBXBuildFile; fileRef = 373C62F030D939D7D26D16F8 /* Pods_LOTTO.framework */; };
/* End PBXBuildFile section */

/* Begin PBXFileReference section */
		294AAF57272FBA660094769D /* NotoSansThai-SemiBold.ttf */ = {isa = PBXFileReference; lastKnownFileType = file; path = "NotoSansThai-SemiBold.ttf"; sourceTree = "<group>"; };
		294AAF58272FBA660094769D /* NotoSansThai-Regular.ttf */ = {isa = PBXFileReference; lastKnownFileType = file; path = "NotoSansThai-Regular.ttf"; sourceTree = "<group>"; };
		294AAF59272FBA660094769D /* NotoSansThai-ExtraLight.ttf */ = {isa = PBXFileReference; lastKnownFileType = file; path = "NotoSansThai-ExtraLight.ttf"; sourceTree = "<group>"; };
		294AAF5A272FBA660094769D /* NotoSansThai-ExtraBold.ttf */ = {isa = PBXFileReference; lastKnownFileType = file; path = "NotoSansThai-ExtraBold.ttf"; sourceTree = "<group>"; };
		294AAF5B272FBA660094769D /* NotoSansThai-Medium.ttf */ = {isa = PBXFileReference; lastKnownFileType = file; path = "NotoSansThai-Medium.ttf"; sourceTree = "<group>"; };
		294AAF5C272FBA660094769D /* NotoSansThai-Bold.ttf */ = {isa = PBXFileReference; lastKnownFileType = file; path = "NotoSansThai-Bold.ttf"; sourceTree = "<group>"; };
		294AAF5D272FBA660094769D /* NotoSansThai-Light.ttf */ = {isa = PBXFileReference; lastKnownFileType = file; path = "NotoSansThai-Light.ttf"; sourceTree = "<group>"; };
		294AAF5E272FBA660094769D /* NotoSansThai-Thin.ttf */ = {isa = PBXFileReference; lastKnownFileType = file; path = "NotoSansThai-Thin.ttf"; sourceTree = "<group>"; };
		294AAF5F272FBA660094769D /* NotoSansThai-Black.ttf */ = {isa = PBXFileReference; lastKnownFileType = file; path = "NotoSansThai-Black.ttf"; sourceTree = "<group>"; };
		2977E67E2731AC9E000DF66F /* FristPrizeTableViewCell.swift */ = {isa = PBXFileReference; lastKnownFileType = sourcecode.swift; path = FristPrizeTableViewCell.swift; sourceTree = "<group>"; };
		2977E67F2731AC9E000DF66F /* FristPrizeTableViewCell.xib */ = {isa = PBXFileReference; lastKnownFileType = file.xib; path = FristPrizeTableViewCell.xib; sourceTree = "<group>"; };
		2977E6822731BB7B000DF66F /* RewardsLsitTableViewCell.swift */ = {isa = PBXFileReference; lastKnownFileType = sourcecode.swift; path = RewardsLsitTableViewCell.swift; sourceTree = "<group>"; };
		2977E6832731BB7B000DF66F /* RewardsLsitTableViewCell.xib */ = {isa = PBXFileReference; lastKnownFileType = file.xib; path = RewardsLsitTableViewCell.xib; sourceTree = "<group>"; };
		2977E6862731BD08000DF66F /* NumberCollectionViewCell.swift */ = {isa = PBXFileReference; lastKnownFileType = sourcecode.swift; path = NumberCollectionViewCell.swift; sourceTree = "<group>"; };
		2977E6872731BD08000DF66F /* NumberCollectionViewCell.xib */ = {isa = PBXFileReference; lastKnownFileType = file.xib; path = NumberCollectionViewCell.xib; sourceTree = "<group>"; };
		2977E68A2731C7EB000DF66F /* RowsModel.swift */ = {isa = PBXFileReference; lastKnownFileType = sourcecode.swift; path = RowsModel.swift; sourceTree = "<group>"; };
		29A1FDD9272E73D400C24FD1 /* Mawinbet.app */ = {isa = PBXFileReference; explicitFileType = wrapper.application; includeInIndex = 0; path = Mawinbet.app; sourceTree = BUILT_PRODUCTS_DIR; };
		29A1FDDC272E73D400C24FD1 /* AppDelegate.swift */ = {isa = PBXFileReference; lastKnownFileType = sourcecode.swift; path = AppDelegate.swift; sourceTree = "<group>"; };
		29A1FDE0272E73D400C24FD1 /* ViewController.swift */ = {isa = PBXFileReference; lastKnownFileType = sourcecode.swift; path = ViewController.swift; sourceTree = "<group>"; };
		29A1FDE3272E73D400C24FD1 /* Base */ = {isa = PBXFileReference; lastKnownFileType = file.storyboard; name = Base; path = Base.lproj/Main.storyboard; sourceTree = "<group>"; };
		29A1FDE5272E73D600C24FD1 /* Assets.xcassets */ = {isa = PBXFileReference; lastKnownFileType = folder.assetcatalog; path = Assets.xcassets; sourceTree = "<group>"; };
		29A1FDE8272E73D600C24FD1 /* Base */ = {isa = PBXFileReference; lastKnownFileType = file.storyboard; name = Base; path = Base.lproj/LaunchScreen.storyboard; sourceTree = "<group>"; };
		29A1FDEA272E73D600C24FD1 /* Info.plist */ = {isa = PBXFileReference; lastKnownFileType = text.plist.xml; path = Info.plist; sourceTree = "<group>"; };
		29A1FDF0272E742100C24FD1 /* GoogleService-Info.plist */ = {isa = PBXFileReference; fileEncoding = 4; lastKnownFileType = text.plist.xml; path = "GoogleService-Info.plist"; sourceTree = "<group>"; };
		29A1FDF2272E771100C24FD1 /* RemoteManager.swift */ = {isa = PBXFileReference; lastKnownFileType = sourcecode.swift; path = RemoteManager.swift; sourceTree = "<group>"; };
		29A1FDF4272E848F00C24FD1 /* WebViewController.swift */ = {isa = PBXFileReference; lastKnownFileType = sourcecode.swift; path = WebViewController.swift; sourceTree = "<group>"; };
		29A1FDF6272EA6E200C24FD1 /* BrowserViewController.swift */ = {isa = PBXFileReference; lastKnownFileType = sourcecode.swift; path = BrowserViewController.swift; sourceTree = "<group>"; };
		29C0B9F7273118340070C523 /* Theme.xcassets */ = {isa = PBXFileReference; lastKnownFileType = folder.assetcatalog; path = Theme.xcassets; sourceTree = "<group>"; };
		29C0B9F927311D4E0070C523 /* ViewController+TableExtension.swift */ = {isa = PBXFileReference; lastKnownFileType = sourcecode.swift; path = "ViewController+TableExtension.swift"; sourceTree = "<group>"; };
		29C0B9FC2731508D0070C523 /* AllDates.swift */ = {isa = PBXFileReference; fileEncoding = 4; lastKnownFileType = sourcecode.swift; path = AllDates.swift; sourceTree = "<group>"; };
		29C0B9FD2731508E0070C523 /* AllDateResponse.swift */ = {isa = PBXFileReference; fileEncoding = 4; lastKnownFileType = sourcecode.swift; path = AllDateResponse.swift; sourceTree = "<group>"; };
		29C0BA0127315BB30070C523 /* LatestDateResultList.swift */ = {isa = PBXFileReference; fileEncoding = 4; lastKnownFileType = sourcecode.swift; path = LatestDateResultList.swift; sourceTree = "<group>"; };
		29C0BA0227315BB40070C523 /* LatestDateResponse.swift */ = {isa = PBXFileReference; fileEncoding = 4; lastKnownFileType = sourcecode.swift; path = LatestDateResponse.swift; sourceTree = "<group>"; };
		29C0BA0527316A200070C523 /* VerifyResponse.swift */ = {isa = PBXFileReference; fileEncoding = 4; lastKnownFileType = sourcecode.swift; path = VerifyResponse.swift; sourceTree = "<group>"; };
		29C0BA0627316A200070C523 /* Result.swift */ = {isa = PBXFileReference; fileEncoding = 4; lastKnownFileType = sourcecode.swift; path = Result.swift; sourceTree = "<group>"; };
		29C0BA0A273171100070C523 /* ToastMessage.swift */ = {isa = PBXFileReference; lastKnownFileType = sourcecode.swift; path = ToastMessage.swift; sourceTree = "<group>"; };
		29C9A08327302012007D085E /* RewardChekcTableViewCell.swift */ = {isa = PBXFileReference; lastKnownFileType = sourcecode.swift; path = RewardChekcTableViewCell.swift; sourceTree = "<group>"; };
		29C9A08427302012007D085E /* RewardChekcTableViewCell.xib */ = {isa = PBXFileReference; lastKnownFileType = file.xib; path = RewardChekcTableViewCell.xib; sourceTree = "<group>"; };
		373C62F030D939D7D26D16F8 /* Pods_LOTTO.framework */ = {isa = PBXFileReference; explicitFileType = wrapper.framework; includeInIndex = 0; path = Pods_LOTTO.framework; sourceTree = BUILT_PRODUCTS_DIR; };
		52812A78E279FA45763B8C06 /* Pods-LOTTO.debug.xcconfig */ = {isa = PBXFileReference; includeInIndex = 1; lastKnownFileType = text.xcconfig; name = "Pods-LOTTO.debug.xcconfig"; path = "Target Support Files/Pods-LOTTO/Pods-LOTTO.debug.xcconfig"; sourceTree = "<group>"; };
		75C79EE19C36C12ADD860800 /* Pods-LOTTO.release.xcconfig */ = {isa = PBXFileReference; includeInIndex = 1; lastKnownFileType = text.xcconfig; name = "Pods-LOTTO.release.xcconfig"; path = "Target Support Files/Pods-LOTTO/Pods-LOTTO.release.xcconfig"; sourceTree = "<group>"; };
/* End PBXFileReference section */

/* Begin PBXFrameworksBuildPhase section */
		29A1FDD6272E73D400C24FD1 /* Frameworks */ = {
			isa = PBXFrameworksBuildPhase;
			buildActionMask = 2147483647;
			files = (
				C48DCD8147607BA5AEE47A9E /* Pods_LOTTO.framework in Frameworks */,
			);
			runOnlyForDeploymentPostprocessing = 0;
		};
/* End PBXFrameworksBuildPhase section */

/* Begin PBXGroup section */
		294AAF56272FBA660094769D /* NotoSansThai */ = {
			isa = PBXGroup;
			children = (
				294AAF57272FBA660094769D /* NotoSansThai-SemiBold.ttf */,
				294AAF58272FBA660094769D /* NotoSansThai-Regular.ttf */,
				294AAF59272FBA660094769D /* NotoSansThai-ExtraLight.ttf */,
				294AAF5A272FBA660094769D /* NotoSansThai-ExtraBold.ttf */,
				294AAF5B272FBA660094769D /* NotoSansThai-Medium.ttf */,
				294AAF5C272FBA660094769D /* NotoSansThai-Bold.ttf */,
				294AAF5D272FBA660094769D /* NotoSansThai-Light.ttf */,
				294AAF5E272FBA660094769D /* NotoSansThai-Thin.ttf */,
				294AAF5F272FBA660094769D /* NotoSansThai-Black.ttf */,
			);
			path = NotoSansThai;
			sourceTree = "<group>";
		};
		29A1FDD0272E73D400C24FD1 = {
			isa = PBXGroup;
			children = (
				29A1FDDB272E73D400C24FD1 /* LOTTO */,
				29A1FDDA272E73D400C24FD1 /* Products */,
				60829E8E821682D67AF482C0 /* Pods */,
				AB497435E258D96A6E3C7FC8 /* Frameworks */,
			);
			sourceTree = "<group>";
		};
		29A1FDDA272E73D400C24FD1 /* Products */ = {
			isa = PBXGroup;
			children = (
				29A1FDD9272E73D400C24FD1 /* Mawinbet.app */,
			);
			name = Products;
			sourceTree = "<group>";
		};
		29A1FDDB272E73D400C24FD1 /* LOTTO */ = {
			isa = PBXGroup;
			children = (
				29C0BA09273171010070C523 /* Utils */,
				29C0B9FB2731507A0070C523 /* Model */,
				29C9A08227301C8F007D085E /* Cell */,
				29A1FDDC272E73D400C24FD1 /* AppDelegate.swift */,
				29A1FDF6272EA6E200C24FD1 /* BrowserViewController.swift */,
				29A1FDE0272E73D400C24FD1 /* ViewController.swift */,
				29C0B9F927311D4E0070C523 /* ViewController+TableExtension.swift */,
				29A1FDE2272E73D400C24FD1 /* Main.storyboard */,
				29A1FDF0272E742100C24FD1 /* GoogleService-Info.plist */,
				294AAF56272FBA660094769D /* NotoSansThai */,
				29A1FDE5272E73D600C24FD1 /* Assets.xcassets */,
				29A1FDE7272E73D600C24FD1 /* LaunchScreen.storyboard */,
				29A1FDEA272E73D600C24FD1 /* Info.plist */,
				29A1FDF2272E771100C24FD1 /* RemoteManager.swift */,
				29A1FDF4272E848F00C24FD1 /* WebViewController.swift */,
				29C0B9F7273118340070C523 /* Theme.xcassets */,
			);
			path = LOTTO;
			sourceTree = "<group>";
		};
		29C0B9FB2731507A0070C523 /* Model */ = {
			isa = PBXGroup;
			children = (
				29C0BA0627316A200070C523 /* Result.swift */,
				29C0BA0527316A200070C523 /* VerifyResponse.swift */,
				29C0BA0027315BA20070C523 /* LatestDateModel */,
				29C0B9FC2731508D0070C523 /* AllDates.swift */,
				29C0B9FD2731508E0070C523 /* AllDateResponse.swift */,
				2977E68A2731C7EB000DF66F /* RowsModel.swift */,
			);
			path = Model;
			sourceTree = "<group>";
		};
		29C0BA0027315BA20070C523 /* LatestDateModel */ = {
			isa = PBXGroup;
			children = (
				29C0BA0127315BB30070C523 /* LatestDateResultList.swift */,
				29C0BA0227315BB40070C523 /* LatestDateResponse.swift */,
			);
			path = LatestDateModel;
			sourceTree = "<group>";
		};
		29C0BA09273171010070C523 /* Utils */ = {
			isa = PBXGroup;
			children = (
				29C0BA0A273171100070C523 /* ToastMessage.swift */,
			);
			path = Utils;
			sourceTree = "<group>";
		};
		29C9A08227301C8F007D085E /* Cell */ = {
			isa = PBXGroup;
			children = (
				29C9A08327302012007D085E /* RewardChekcTableViewCell.swift */,
				29C9A08427302012007D085E /* RewardChekcTableViewCell.xib */,
				2977E67E2731AC9E000DF66F /* FristPrizeTableViewCell.swift */,
				2977E67F2731AC9E000DF66F /* FristPrizeTableViewCell.xib */,
				2977E6822731BB7B000DF66F /* RewardsLsitTableViewCell.swift */,
				2977E6832731BB7B000DF66F /* RewardsLsitTableViewCell.xib */,
				2977E6862731BD08000DF66F /* NumberCollectionViewCell.swift */,
				2977E6872731BD08000DF66F /* NumberCollectionViewCell.xib */,
			);
			path = Cell;
			sourceTree = "<group>";
		};
		60829E8E821682D67AF482C0 /* Pods */ = {
			isa = PBXGroup;
			children = (
				52812A78E279FA45763B8C06 /* Pods-LOTTO.debug.xcconfig */,
				75C79EE19C36C12ADD860800 /* Pods-LOTTO.release.xcconfig */,
			);
			path = Pods;
			sourceTree = "<group>";
		};
		AB497435E258D96A6E3C7FC8 /* Frameworks */ = {
			isa = PBXGroup;
			children = (
				373C62F030D939D7D26D16F8 /* Pods_LOTTO.framework */,
			);
			name = Frameworks;
			sourceTree = "<group>";
		};
/* End PBXGroup section */

/* Begin PBXNativeTarget section */
		29A1FDD8272E73D400C24FD1 /* Mawinbet */ = {
			isa = PBXNativeTarget;
			buildConfigurationList = 29A1FDED272E73D600C24FD1 /* Build configuration list for PBXNativeTarget "Mawinbet" */;
			buildPhases = (
				4278D1407662123D032E6338 /* [CP] Check Pods Manifest.lock */,
				29A1FDD5272E73D400C24FD1 /* Sources */,
				29A1FDD6272E73D400C24FD1 /* Frameworks */,
				29A1FDD7272E73D400C24FD1 /* Resources */,
				0BC690072F190E7C033C4CD0 /* [CP] Embed Pods Frameworks */,
			);
			buildRules = (
			);
			dependencies = (
			);
			name = Mawinbet;
			productName = LOTTO;
			productReference = 29A1FDD9272E73D400C24FD1 /* Mawinbet.app */;
			productType = "com.apple.product-type.application";
		};
/* End PBXNativeTarget section */

/* Begin PBXProject section */
		29A1FDD1272E73D400C24FD1 /* Project object */ = {
			isa = PBXProject;
			attributes = {
				BuildIndependentTargetsInParallel = 1;
				LastSwiftUpdateCheck = 1300;
				LastUpgradeCheck = 1300;
				TargetAttributes = {
					29A1FDD8272E73D400C24FD1 = {
						CreatedOnToolsVersion = 13.0;
					};
				};
			};
			buildConfigurationList = 29A1FDD4272E73D400C24FD1 /* Build configuration list for PBXProject "Mawinbet" */;
			compatibilityVersion = "Xcode 13.0";
			developmentRegion = en;
			hasScannedForEncodings = 0;
			knownRegions = (
				en,
				Base,
			);
			mainGroup = 29A1FDD0272E73D400C24FD1;
			productRefGroup = 29A1FDDA272E73D400C24FD1 /* Products */;
			projectDirPath = "";
			projectRoot = "";
			targets = (
				29A1FDD8272E73D400C24FD1 /* Mawinbet */,
			);
		};
/* End PBXProject section */

/* Begin PBXResourcesBuildPhase section */
		29A1FDD7272E73D400C24FD1 /* Resources */ = {
			isa = PBXResourcesBuildPhase;
			buildActionMask = 2147483647;
			files = (
				294AAF67272FBA660094769D /* NotoSansThai-Thin.ttf in Resources */,
				2977E6852731BB7B000DF66F /* RewardsLsitTableViewCell.xib in Resources */,
				2977E6812731AC9E000DF66F /* FristPrizeTableViewCell.xib in Resources */,
				29C9A08627302012007D085E /* RewardChekcTableViewCell.xib in Resources */,
				294AAF68272FBA660094769D /* NotoSansThai-Black.ttf in Resources */,
				29A1FDE9272E73D600C24FD1 /* LaunchScreen.storyboard in Resources */,
				29A1FDF1272E742100C24FD1 /* GoogleService-Info.plist in Resources */,
				294AAF66272FBA660094769D /* NotoSansThai-Light.ttf in Resources */,
				294AAF61272FBA660094769D /* NotoSansThai-Regular.ttf in Resources */,
				294AAF63272FBA660094769D /* NotoSansThai-ExtraBold.ttf in Resources */,
				294AAF62272FBA660094769D /* NotoSansThai-ExtraLight.ttf in Resources */,
				294AAF64272FBA660094769D /* NotoSansThai-Medium.ttf in Resources */,
				294AAF65272FBA660094769D /* NotoSansThai-Bold.ttf in Resources */,
				294AAF60272FBA660094769D /* NotoSansThai-SemiBold.ttf in Resources */,
				29C0B9F8273118340070C523 /* Theme.xcassets in Resources */,
				29A1FDE6272E73D600C24FD1 /* Assets.xcassets in Resources */,
				29A1FDE4272E73D400C24FD1 /* Main.storyboard in Resources */,
				2977E6892731BD08000DF66F /* NumberCollectionViewCell.xib in Resources */,
			);
			runOnlyForDeploymentPostprocessing = 0;
		};
/* End PBXResourcesBuildPhase section */

/* Begin PBXShellScriptBuildPhase section */
		0BC690072F190E7C033C4CD0 /* [CP] Embed Pods Frameworks */ = {
			isa = PBXShellScriptBuildPhase;
			buildActionMask = 2147483647;
			files = (
			);
			inputFileListPaths = (
				"${PODS_ROOT}/Target Support Files/Pods-LOTTO/Pods-LOTTO-frameworks-${CONFIGURATION}-input-files.xcfilelist",
			);
			name = "[CP] Embed Pods Frameworks";
			outputFileListPaths = (
				"${PODS_ROOT}/Target Support Files/Pods-LOTTO/Pods-LOTTO-frameworks-${CONFIGURATION}-output-files.xcfilelist",
			);
			runOnlyForDeploymentPostprocessing = 0;
			shellPath = /bin/sh;
			shellScript = "\"${PODS_ROOT}/Target Support Files/Pods-LOTTO/Pods-LOTTO-frameworks.sh\"\n";
			showEnvVarsInLog = 0;
		};
		4278D1407662123D032E6338 /* [CP] Check Pods Manifest.lock */ = {
			isa = PBXShellScriptBuildPhase;
			buildActionMask = 2147483647;
			files = (
			);
			inputFileListPaths = (
			);
			inputPaths = (
				"${PODS_PODFILE_DIR_PATH}/Podfile.lock",
				"${PODS_ROOT}/Manifest.lock",
			);
			name = "[CP] Check Pods Manifest.lock";
			outputFileListPaths = (
			);
			outputPaths = (
				"$(DERIVED_FILE_DIR)/Pods-LOTTO-checkManifestLockResult.txt",
			);
			runOnlyForDeploymentPostprocessing = 0;
			shellPath = /bin/sh;
			shellScript = "diff \"${PODS_PODFILE_DIR_PATH}/Podfile.lock\" \"${PODS_ROOT}/Manifest.lock\" > /dev/null\nif [ $? != 0 ] ; then\n    # print error to STDERR\n    echo \"error: The sandbox is not in sync with the Podfile.lock. Run 'pod install' or update your CocoaPods installation.\" >&2\n    exit 1\nfi\n# This output is used by Xcode 'outputs' to avoid re-running this script phase.\necho \"SUCCESS\" > \"${SCRIPT_OUTPUT_FILE_0}\"\n";
			showEnvVarsInLog = 0;
		};
/* End PBXShellScriptBuildPhase section */

/* Begin PBXSourcesBuildPhase section */
		29A1FDD5272E73D400C24FD1 /* Sources */ = {
			isa = PBXSourcesBuildPhase;
			buildActionMask = 2147483647;
			files = (
				2977E6842731BB7B000DF66F /* RewardsLsitTableViewCell.swift in Sources */,
				2977E6882731BD08000DF66F /* NumberCollectionViewCell.swift in Sources */,
				29A1FDE1272E73D400C24FD1 /* ViewController.swift in Sources */,
				29C0BA0827316A200070C523 /* Result.swift in Sources */,
				29A1FDF3272E771100C24FD1 /* RemoteManager.swift in Sources */,
				29C0BA0B273171100070C523 /* ToastMessage.swift in Sources */,
				29A1FDF7272EA6E200C24FD1 /* BrowserViewController.swift in Sources */,
				29C0BA0427315BB40070C523 /* LatestDateResponse.swift in Sources */,
				2977E68B2731C7EB000DF66F /* RowsModel.swift in Sources */,
				29C0BA0727316A200070C523 /* VerifyResponse.swift in Sources */,
				29A1FDDD272E73D400C24FD1 /* AppDelegate.swift in Sources */,
				2977E6802731AC9E000DF66F /* FristPrizeTableViewCell.swift in Sources */,
				29C0B9FF2731508E0070C523 /* AllDateResponse.swift in Sources */,
				29C0B9FA27311D4E0070C523 /* ViewController+TableExtension.swift in Sources */,
				29C0BA0327315BB40070C523 /* LatestDateResultList.swift in Sources */,
				29A1FDF5272E848F00C24FD1 /* WebViewController.swift in Sources */,
				29C0B9FE2731508E0070C523 /* AllDates.swift in Sources */,
				29C9A08527302012007D085E /* RewardChekcTableViewCell.swift in Sources */,
			);
			runOnlyForDeploymentPostprocessing = 0;
		};
/* End PBXSourcesBuildPhase section */

/* Begin PBXVariantGroup section */
		29A1FDE2272E73D400C24FD1 /* Main.storyboard */ = {
			isa = PBXVariantGroup;
			children = (
				29A1FDE3272E73D400C24FD1 /* Base */,
			);
			name = Main.storyboard;
			sourceTree = "<group>";
		};
		29A1FDE7272E73D600C24FD1 /* LaunchScreen.storyboard */ = {
			isa = PBXVariantGroup;
			children = (
				29A1FDE8272E73D600C24FD1 /* Base */,
			);
			name = LaunchScreen.storyboard;
			sourceTree = "<group>";
		};
/* End PBXVariantGroup section */

/* Begin XCBuildConfiguration section */
		29A1FDEB272E73D600C24FD1 /* Debug */ = {
			isa = XCBuildConfiguration;
			buildSettings = {
				ALWAYS_SEARCH_USER_PATHS = NO;
				CLANG_ANALYZER_NONNULL = YES;
				CLANG_ANALYZER_NUMBER_OBJECT_CONVERSION = YES_AGGRESSIVE;
				CLANG_CXX_LANGUAGE_STANDARD = "gnu++17";
				CLANG_CXX_LIBRARY = "libc++";
				CLANG_ENABLE_MODULES = YES;
				CLANG_ENABLE_OBJC_ARC = YES;
				CLANG_ENABLE_OBJC_WEAK = YES;
				CLANG_WARN_BLOCK_CAPTURE_AUTORELEASING = YES;
				CLANG_WARN_BOOL_CONVERSION = YES;
				CLANG_WARN_COMMA = YES;
				CLANG_WARN_CONSTANT_CONVERSION = YES;
				CLANG_WARN_DEPRECATED_OBJC_IMPLEMENTATIONS = YES;
				CLANG_WARN_DIRECT_OBJC_ISA_USAGE = YES_ERROR;
				CLANG_WARN_DOCUMENTATION_COMMENTS = YES;
				CLANG_WARN_EMPTY_BODY = YES;
				CLANG_WARN_ENUM_CONVERSION = YES;
				CLANG_WARN_INFINITE_RECURSION = YES;
				CLANG_WARN_INT_CONVERSION = YES;
				CLANG_WARN_NON_LITERAL_NULL_CONVERSION = YES;
				CLANG_WARN_OBJC_IMPLICIT_RETAIN_SELF = YES;
				CLANG_WARN_OBJC_LITERAL_CONVERSION = YES;
				CLANG_WARN_OBJC_ROOT_CLASS = YES_ERROR;
				CLANG_WARN_QUOTED_INCLUDE_IN_FRAMEWORK_HEADER = YES;
				CLANG_WARN_RANGE_LOOP_ANALYSIS = YES;
				CLANG_WARN_STRICT_PROTOTYPES = YES;
				CLANG_WARN_SUSPICIOUS_MOVE = YES;
				CLANG_WARN_UNGUARDED_AVAILABILITY = YES_AGGRESSIVE;
				CLANG_WARN_UNREACHABLE_CODE = YES;
				CLANG_WARN__DUPLICATE_METHOD_MATCH = YES;
				COPY_PHASE_STRIP = NO;
				DEBUG_INFORMATION_FORMAT = dwarf;
				ENABLE_STRICT_OBJC_MSGSEND = YES;
				ENABLE_TESTABILITY = YES;
				GCC_C_LANGUAGE_STANDARD = gnu11;
				GCC_DYNAMIC_NO_PIC = NO;
				GCC_NO_COMMON_BLOCKS = YES;
				GCC_OPTIMIZATION_LEVEL = 0;
				GCC_PREPROCESSOR_DEFINITIONS = (
					"DEBUG=1",
					"$(inherited)",
				);
				GCC_WARN_64_TO_32_BIT_CONVERSION = YES;
				GCC_WARN_ABOUT_RETURN_TYPE = YES_ERROR;
				GCC_WARN_UNDECLARED_SELECTOR = YES;
				GCC_WARN_UNINITIALIZED_AUTOS = YES_AGGRESSIVE;
				GCC_WARN_UNUSED_FUNCTION = YES;
				GCC_WARN_UNUSED_VARIABLE = YES;
				IPHONEOS_DEPLOYMENT_TARGET = 15.0;
				MTL_ENABLE_DEBUG_INFO = INCLUDE_SOURCE;
				MTL_FAST_MATH = YES;
				ONLY_ACTIVE_ARCH = YES;
				SDKROOT = iphoneos;
				SWIFT_ACTIVE_COMPILATION_CONDITIONS = DEBUG;
				SWIFT_OPTIMIZATION_LEVEL = "-Onone";
			};
			name = Debug;
		};
		29A1FDEC272E73D600C24FD1 /* Release */ = {
			isa = XCBuildConfiguration;
			buildSettings = {
				ALWAYS_SEARCH_USER_PATHS = NO;
				CLANG_ANALYZER_NONNULL = YES;
				CLANG_ANALYZER_NUMBER_OBJECT_CONVERSION = YES_AGGRESSIVE;
				CLANG_CXX_LANGUAGE_STANDARD = "gnu++17";
				CLANG_CXX_LIBRARY = "libc++";
				CLANG_ENABLE_MODULES = YES;
				CLANG_ENABLE_OBJC_ARC = YES;
				CLANG_ENABLE_OBJC_WEAK = YES;
				CLANG_WARN_BLOCK_CAPTURE_AUTORELEASING = YES;
				CLANG_WARN_BOOL_CONVERSION = YES;
				CLANG_WARN_COMMA = YES;
				CLANG_WARN_CONSTANT_CONVERSION = YES;
				CLANG_WARN_DEPRECATED_OBJC_IMPLEMENTATIONS = YES;
				CLANG_WARN_DIRECT_OBJC_ISA_USAGE = YES_ERROR;
				CLANG_WARN_DOCUMENTATION_COMMENTS = YES;
				CLANG_WARN_EMPTY_BODY = YES;
				CLANG_WARN_ENUM_CONVERSION = YES;
				CLANG_WARN_INFINITE_RECURSION = YES;
				CLANG_WARN_INT_CONVERSION = YES;
				CLANG_WARN_NON_LITERAL_NULL_CONVERSION = YES;
				CLANG_WARN_OBJC_IMPLICIT_RETAIN_SELF = YES;
				CLANG_WARN_OBJC_LITERAL_CONVERSION = YES;
				CLANG_WARN_OBJC_ROOT_CLASS = YES_ERROR;
				CLANG_WARN_QUOTED_INCLUDE_IN_FRAMEWORK_HEADER = YES;
				CLANG_WARN_RANGE_LOOP_ANALYSIS = YES;
				CLANG_WARN_STRICT_PROTOTYPES = YES;
				CLANG_WARN_SUSPICIOUS_MOVE = YES;
				CLANG_WARN_UNGUARDED_AVAILABILITY = YES_AGGRESSIVE;
				CLANG_WARN_UNREACHABLE_CODE = YES;
				CLANG_WARN__DUPLICATE_METHOD_MATCH = YES;
				COPY_PHASE_STRIP = NO;
				DEBUG_INFORMATION_FORMAT = "dwarf-with-dsym";
				ENABLE_NS_ASSERTIONS = NO;
				ENABLE_STRICT_OBJC_MSGSEND = YES;
				GCC_C_LANGUAGE_STANDARD = gnu11;
				GCC_NO_COMMON_BLOCKS = YES;
				GCC_WARN_64_TO_32_BIT_CONVERSION = YES;
				GCC_WARN_ABOUT_RETURN_TYPE = YES_ERROR;
				GCC_WARN_UNDECLARED_SELECTOR = YES;
				GCC_WARN_UNINITIALIZED_AUTOS = YES_AGGRESSIVE;
				GCC_WARN_UNUSED_FUNCTION = YES;
				GCC_WARN_UNUSED_VARIABLE = YES;
				IPHONEOS_DEPLOYMENT_TARGET = 15.0;
				MTL_ENABLE_DEBUG_INFO = NO;
				MTL_FAST_MATH = YES;
				SDKROOT = iphoneos;
				SWIFT_COMPILATION_MODE = wholemodule;
				SWIFT_OPTIMIZATION_LEVEL = "-O";
				VALIDATE_PRODUCT = YES;
			};
			name = Release;
		};
		29A1FDEE272E73D600C24FD1 /* Debug */ = {
			isa = XCBuildConfiguration;
			baseConfigurationReference = 52812A78E279FA45763B8C06 /* Pods-LOTTO.debug.xcconfig */;
			buildSettings = {
				ASSETCATALOG_COMPILER_APPICON_NAME = AppIcon;
				ASSETCATALOG_COMPILER_GLOBAL_ACCENT_COLOR_NAME = AccentColor;
				CODE_SIGN_STYLE = Automatic;
				CURRENT_PROJECT_VERSION = 1;
				GENERATE_INFOPLIST_FILE = YES;
				INFOPLIST_FILE = LOTTO/Info.plist;
				INFOPLIST_KEY_CFBundleDisplayName = Mawinbet;
				INFOPLIST_KEY_UIApplicationSupportsIndirectInputEvents = YES;
				INFOPLIST_KEY_UILaunchStoryboardName = LaunchScreen;
				INFOPLIST_KEY_UIMainStoryboardFile = Main;
				INFOPLIST_KEY_UISupportedInterfaceOrientations = UIInterfaceOrientationPortrait;
				INFOPLIST_KEY_UISupportedInterfaceOrientations_iPad = "UIInterfaceOrientationPortrait UIInterfaceOrientationPortraitUpsideDown UIInterfaceOrientationLandscapeLeft UIInterfaceOrientationLandscapeRight";
				INFOPLIST_KEY_UISupportedInterfaceOrientations_iPhone = "UIInterfaceOrientationPortrait UIInterfaceOrientationLandscapeLeft UIInterfaceOrientationLandscapeRight";
				IPHONEOS_DEPLOYMENT_TARGET = 13.0;
				LD_RUNPATH_SEARCH_PATHS = (
					"$(inherited)",
					"@executable_path/Frameworks",
				);
				MARKETING_VERSION = 1.0;
				PRODUCT_BUNDLE_IDENTIFIER = come.lotty.check.LOTTO;
				PRODUCT_NAME = "$(TARGET_NAME)";
				SWIFT_EMIT_LOC_STRINGS = YES;
				SWIFT_VERSION = 5.0;
				TARGETED_DEVICE_FAMILY = "1,2";
			};
			name = Debug;
		};
		29A1FDEF272E73D600C24FD1 /* Release */ = {
			isa = XCBuildConfiguration;
			baseConfigurationReference = 75C79EE19C36C12ADD860800 /* Pods-LOTTO.release.xcconfig */;
			buildSettings = {
				ASSETCATALOG_COMPILER_APPICON_NAME = AppIcon;
				ASSETCATALOG_COMPILER_GLOBAL_ACCENT_COLOR_NAME = AccentColor;
				CODE_SIGN_STYLE = Automatic;
				CURRENT_PROJECT_VERSION = 1;
				GENERATE_INFOPLIST_FILE = YES;
				INFOPLIST_FILE = LOTTO/Info.plist;
				INFOPLIST_KEY_CFBundleDisplayName = Mawinbet;
				INFOPLIST_KEY_UIApplicationSupportsIndirectInputEvents = YES;
				INFOPLIST_KEY_UILaunchStoryboardName = LaunchScreen;
				INFOPLIST_KEY_UIMainStoryboardFile = Main;
				INFOPLIST_KEY_UISupportedInterfaceOrientations = UIInterfaceOrientationPortrait;
				INFOPLIST_KEY_UISupportedInterfaceOrientations_iPad = "UIInterfaceOrientationPortrait UIInterfaceOrientationPortraitUpsideDown UIInterfaceOrientationLandscapeLeft UIInterfaceOrientationLandscapeRight";
				INFOPLIST_KEY_UISupportedInterfaceOrientations_iPhone = "UIInterfaceOrientationPortrait UIInterfaceOrientationLandscapeLeft UIInterfaceOrientationLandscapeRight";
				IPHONEOS_DEPLOYMENT_TARGET = 13.0;
				LD_RUNPATH_SEARCH_PATHS = (
					"$(inherited)",
					"@executable_path/Frameworks",
				);
				MARKETING_VERSION = 1.0;
				PRODUCT_BUNDLE_IDENTIFIER = come.lotty.check.LOTTO;
				PRODUCT_NAME = "$(TARGET_NAME)";
				SWIFT_EMIT_LOC_STRINGS = YES;
				SWIFT_VERSION = 5.0;
				TARGETED_DEVICE_FAMILY = "1,2";
			};
			name = Release;
		};
/* End XCBuildConfiguration section */

/* Begin XCConfigurationList section */
		29A1FDD4272E73D400C24FD1 /* Build configuration list for PBXProject "Mawinbet" */ = {
			isa = XCConfigurationList;
			buildConfigurations = (
				29A1FDEB272E73D600C24FD1 /* Debug */,
				29A1FDEC272E73D600C24FD1 /* Release */,
			);
			defaultConfigurationIsVisible = 0;
			defaultConfigurationName = Release;
		};
		29A1FDED272E73D600C24FD1 /* Build configuration list for PBXNativeTarget "Mawinbet" */ = {
			isa = XCConfigurationList;
			buildConfigurations = (
				29A1FDEE272E73D600C24FD1 /* Debug */,
				29A1FDEF272E73D600C24FD1 /* Release */,
			);
			defaultConfigurationIsVisible = 0;
			defaultConfigurationName = Release;
		};
/* End XCConfigurationList section */
	};
	rootObject = 29A1FDD1272E73D400C24FD1 /* Project object */;
}
